<?xml version="1.0" encoding="utf-8"?>
<Project ToolsVersion="4.0" xmlns="http://schemas.microsoft.com/developer/msbuild/2003">
  <ItemGroup>
    <Filter Include="Application">
      <UniqueIdentifier>{93995380-89BD-4b04-88EB-625FBE52EBFB}</UniqueIdentifier>
      <Extensions>h;hh;hpp;hxx;hm;inl;inc;xsd</Extensions>
    </Filter>
    <Filter Include="Tool">
      <UniqueIdentifier>{4FC737F1-C7A5-4376-A066-2A32D752A2FF}</UniqueIdentifier>
      <Extensions>cpp;c;cc;cxx;def;odl;idl;hpj;bat;asm;asmx</Extensions>
    </Filter>
    <Filter Include="Tool\BaseType">
      <UniqueIdentifier>{f31c049b-4d7b-4013-9e15-c0a1c96ee504}</UniqueIdentifier>
    </Filter>
    <Filter Include="Tool\Buffer">
      <UniqueIdentifier>{f9c1f743-f540-48a6-9fa3-65cd0eb06bb1}</UniqueIdentifier>
    </Filter>
    <Filter Include="Tool\Common">
      <UniqueIdentifier>{69f0ce76-32e2-452e-88c2-ac7dd11e8ec5}</UniqueIdentifier>
    </Filter>
    <Filter Include="Tool\DateTime">
      <UniqueIdentifier>{5b9628c3-5b34-48e4-bfc8-14b65a868c67}</UniqueIdentifier>
    </Filter>
    <Filter Include="Tool\Directory">
      <UniqueIdentifier>{37147d84-8dfc-4b0c-b5f7-7af7b97abc44}</UniqueIdentifier>
    </Filter>
    <Filter Include="Tool\Encoding">
      <UniqueIdentifier>{4f9fdd2e-1bbc-498c-84b7-dcd4caa92514}</UniqueIdentifier>
    </Filter>
    <Filter Include="Tool\EventHandler">
      <UniqueIdentifier>{8455d8ee-a0bc-4c9c-bb42-535046d5eec0}</UniqueIdentifier>
    </Filter>
    <Filter Include="Tool\File">
      <UniqueIdentifier>{bc47e5e1-22d9-464c-bbef-39068398867c}</UniqueIdentifier>
    </Filter>
    <Filter Include="Tool\Log">
      <UniqueIdentifier>{9531e6a9-1b21-42cd-b2bc-63691ad93f8c}</UniqueIdentifier>
    </Filter>
    <Filter Include="Tool\Player">
      <UniqueIdentifier>{60671210-b0c6-42bc-aba5-9b7a07daaf6e}</UniqueIdentifier>
    </Filter>
    <Filter Include="Tool\SerialPort">
      <UniqueIdentifier>{f77a8bc5-8611-4c8c-8c20-4433d2d640f6}</UniqueIdentifier>
    </Filter>
    <Filter Include="Tool\Socket">
      <UniqueIdentifier>{589a8558-f8e7-4014-8d62-a91ba9e5165c}</UniqueIdentifier>
    </Filter>
    <Filter Include="Tool\Sql">
      <UniqueIdentifier>{de36c7ae-a4fc-4b4f-bef3-2f29cae9b622}</UniqueIdentifier>
    </Filter>
    <Filter Include="Tool\Thread">
      <UniqueIdentifier>{3ae6fb52-caa8-421d-90ec-d53cc9af389f}</UniqueIdentifier>
    </Filter>
    <Filter Include="Tool\Timer">
      <UniqueIdentifier>{ab825503-51ae-4794-9e09-f7df264d201f}</UniqueIdentifier>
    </Filter>
    <Filter Include="Tool\USB">
      <UniqueIdentifier>{ea16f12d-b0bd-4621-941b-3e561d90d379}</UniqueIdentifier>
    </Filter>
    <Filter Include="Tool\Player\DirectShow">
      <UniqueIdentifier>{bddece5a-8ee3-44c9-831f-66121cf46999}</UniqueIdentifier>
    </Filter>
    <Filter Include="Tool\Player\Wav">
      <UniqueIdentifier>{ea26169e-f907-491a-b02a-8db9ba0e2573}</UniqueIdentifier>
    </Filter>
    <Filter Include="Tool\Eventor">
      <UniqueIdentifier>{c98b63ea-71b3-4527-aa40-158e7dac4d6a}</UniqueIdentifier>
    </Filter>
    <Filter Include="Tool\ModuleLoader">
      <UniqueIdentifier>{f85ad7f3-64a5-4f0c-91fe-6b06e3c0276b}</UniqueIdentifier>
    </Filter>
    <Filter Include="Tool\Register">
      <UniqueIdentifier>{ee39b68b-a2bd-4b2f-a333-9a7bfd9cf83f}</UniqueIdentifier>
    </Filter>
    <Filter Include="Tool\Json">
      <UniqueIdentifier>{7db47384-caa9-4e4b-83f3-46570dd22602}</UniqueIdentifier>
    </Filter>
    <Filter Include="Tool\Reflect">
      <UniqueIdentifier>{8523b97c-7a35-4de9-a7da-5be37b00bb8b}</UniqueIdentifier>
    </Filter>
    <Filter Include="Tool\DllLoader">
      <UniqueIdentifier>{ad6d199f-9813-40eb-96d4-347aab2231db}</UniqueIdentifier>
    </Filter>
    <Filter Include="Tool\Ini">
      <UniqueIdentifier>{72e19215-ade5-442b-b198-b51e49cb19ee}</UniqueIdentifier>
    </Filter>
    <Filter Include="Tool\ThreadPool">
      <UniqueIdentifier>{9d0d6949-d212-44a0-aaae-8d5e4bc9cad1}</UniqueIdentifier>
    </Filter>
  </ItemGroup>
  <ItemGroup>
    <ClCompile Include="Application\PreCompile.cpp">
      <Filter>Application</Filter>
    </ClCompile>
    <ClCompile Include="Tool\BaseType\Bool.cpp">
      <Filter>Tool\BaseType</Filter>
    </ClCompile>
    <ClCompile Include="Tool\BaseType\Double.cpp">
      <Filter>Tool\BaseType</Filter>
    </ClCompile>
    <ClCompile Include="Tool\BaseType\Float.cpp">
      <Filter>Tool\BaseType</Filter>
    </ClCompile>
    <ClCompile Include="Tool\BaseType\Int.cpp">
      <Filter>Tool\BaseType</Filter>
    </ClCompile>
    <ClCompile Include="Tool\BaseType\String.cpp">
      <Filter>Tool\BaseType</Filter>
    </ClCompile>
    <ClCompile Include="Tool\Buffer\SharedMemory.cpp">
      <Filter>Tool\Buffer</Filter>
    </ClCompile>
    <ClCompile Include="Tool\DateTime\DateTime.cpp">
      <Filter>Tool\DateTime</Filter>
    </ClCompile>
    <ClCompile Include="Tool\Directory\Directory.cpp">
      <Filter>Tool\Directory</Filter>
    </ClCompile>
    <ClCompile Include="Tool\Encoding\UTF8.cpp">
      <Filter>Tool\Encoding</Filter>
    </ClCompile>
    <ClCompile Include="Tool\File\File.cpp">
      <Filter>Tool\File</Filter>
    </ClCompile>
    <ClCompile Include="Tool\Log\Log.cpp">
      <Filter>Tool\Log</Filter>
    </ClCompile>
    <ClCompile Include="Tool\SerialPort\SerialPort.cpp">
      <Filter>Tool\SerialPort</Filter>
    </ClCompile>
    <ClCompile Include="Tool\Socket\Socket.cpp">
      <Filter>Tool\Socket</Filter>
    </ClCompile>
    <ClCompile Include="Tool\Socket\SocketClient.cpp">
      <Filter>Tool\Socket</Filter>
    </ClCompile>
    <ClCompile Include="Tool\Socket\SocketServer.cpp">
      <Filter>Tool\Socket</Filter>
    </ClCompile>
    <ClCompile Include="Tool\Sql\SqlCommand.cpp">
      <Filter>Tool\Sql</Filter>
    </ClCompile>
    <ClCompile Include="Tool\Sql\SqlConnection.cpp">
      <Filter>Tool\Sql</Filter>
    </ClCompile>
    <ClCompile Include="Tool\Sql\SqlParamenter.cpp">
      <Filter>Tool\Sql</Filter>
    </ClCompile>
    <ClCompile Include="Tool\Thread\Event.cpp">
      <Filter>Tool\Thread</Filter>
    </ClCompile>
    <ClCompile Include="Tool\Thread\MessageDistributor.cpp">
      <Filter>Tool\Thread</Filter>
    </ClCompile>
    <ClCompile Include="Tool\Thread\Mutex.cpp">
      <Filter>Tool\Thread</Filter>
    </ClCompile>
    <ClCompile Include="Tool\Thread\MutexLocker.cpp">
      <Filter>Tool\Thread</Filter>
    </ClCompile>
    <ClCompile Include="Tool\Thread\Process.cpp">
      <Filter>Tool\Thread</Filter>
    </ClCompile>
    <ClCompile Include="Tool\Thread\Semaphore.cpp">
      <Filter>Tool\Thread</Filter>
    </ClCompile>
    <ClCompile Include="Tool\Timer\Counter.cpp">
      <Filter>Tool\Timer</Filter>
    </ClCompile>
    <ClCompile Include="Tool\Timer\Delay.cpp">
      <Filter>Tool\Timer</Filter>
    </ClCompile>
    <ClCompile Include="Tool\Timer\Timer.cpp">
      <Filter>Tool\Timer</Filter>
    </ClCompile>
    <ClCompile Include="Tool\USB\USB.cpp">
      <Filter>Tool\USB</Filter>
    </ClCompile>
    <ClCompile Include="Application\BasicTool.cpp">
      <Filter>Application</Filter>
    </ClCompile>
    <ClCompile Include="Tool\Log\SystemLog.cpp">
      <Filter>Tool\Log</Filter>
    </ClCompile>
    <ClCompile Include="Tool\Player\DirectShow\GeneralPlayer.cpp">
      <Filter>Tool\Player\DirectShow</Filter>
    </ClCompile>
    <ClCompile Include="Tool\Player\Wav\AudioPlayer.cpp">
      <Filter>Tool\Player\Wav</Filter>
    </ClCompile>
    <ClCompile Include="Tool\Player\Wav\BlockPlayer.cpp">
      <Filter>Tool\Player\Wav</Filter>
    </ClCompile>
    <ClCompile Include="Tool\EventHandler\EventHandler.cpp">
      <Filter>Tool\EventHandler</Filter>
    </ClCompile>
    <ClCompile Include="Tool\Json\json_reader.cpp">
      <Filter>Tool\Json</Filter>
    </ClCompile>
    <ClCompile Include="Tool\Json\json_value.cpp">
      <Filter>Tool\Json</Filter>
    </ClCompile>
    <ClCompile Include="Tool\Json\json_writer.cpp">
      <Filter>Tool\Json</Filter>
    </ClCompile>
    <ClCompile Include="Tool\Json\JsonDoc.cpp">
      <Filter>Tool\Json</Filter>
    </ClCompile>
    <ClCompile Include="Tool\Reflect\Reflect.cpp">
      <Filter>Tool\Reflect</Filter>
    </ClCompile>
    <ClCompile Include="Tool\DllLoader\DllLoader.cpp">
      <Filter>Tool\DllLoader</Filter>
    </ClCompile>
    <ClCompile Include="Tool\Encoding\ANSI.cpp">
      <Filter>Tool\Encoding</Filter>
    </ClCompile>
    <ClCompile Include="Tool\Encoding\Unicode.cpp">
      <Filter>Tool\Encoding</Filter>
    </ClCompile>
    <ClCompile Include="Tool\Ini\Ini.cpp">
      <Filter>Tool\Ini</Filter>
    </ClCompile>
    <ClCompile Include="Tool\ThreadPool\IdelThreadContainer.cpp">
      <Filter>Tool\ThreadPool</Filter>
    </ClCompile>
    <ClCompile Include="Tool\ThreadPool\MyThread.cpp">
      <Filter>Tool\ThreadPool</Filter>
    </ClCompile>
    <ClCompile Include="Tool\ThreadPool\TaskContainer.cpp">
      <Filter>Tool\ThreadPool</Filter>
    </ClCompile>
    <ClCompile Include="Tool\ThreadPool\ThreadPool.cpp">
      <Filter>Tool\ThreadPool</Filter>
    </ClCompile>
    <ClCompile Include="Tool\ThreadPool\WorkThreadContainer.cpp">
      <Filter>Tool\ThreadPool</Filter>
    </ClCompile>
  </ItemGroup>
  <ItemGroup>
    <ClInclude Include="Application\PreCompile.h">
      <Filter>Application</Filter>
    </ClInclude>
    <ClInclude Include="Application\targetver.h">
      <Filter>Application</Filter>
    </ClInclude>
    <ClInclude Include="Tool\BaseType\Bool.h">
      <Filter>Tool\BaseType</Filter>
    </ClInclude>
    <ClInclude Include="Tool\BaseType\Double.h">
      <Filter>Tool\BaseType</Filter>
    </ClInclude>
    <ClInclude Include="Tool\BaseType\Float.h">
      <Filter>Tool\BaseType</Filter>
    </ClInclude>
    <ClInclude Include="Tool\BaseType\Int.h">
      <Filter>Tool\BaseType</Filter>
    </ClInclude>
    <ClInclude Include="Tool\BaseType\String.h">
      <Filter>Tool\BaseType</Filter>
    </ClInclude>
    <ClInclude Include="Tool\Buffer\Array.h">
      <Filter>Tool\Buffer</Filter>
    </ClInclude>
    <ClInclude Include="Tool\Buffer\CircleBuffer.h">
      <Filter>Tool\Buffer</Filter>
    </ClInclude>
    <ClInclude Include="Tool\Buffer\SharedMemory.h">
      <Filter>Tool\Buffer</Filter>
    </ClInclude>
    <ClInclude Include="Tool\Common\SystemType.h">
      <Filter>Tool\Common</Filter>
    </ClInclude>
    <ClInclude Include="Tool\DateTime\DateTime.h">
      <Filter>Tool\DateTime</Filter>
    </ClInclude>
    <ClInclude Include="Tool\Directory\Directory.h">
      <Filter>Tool\Directory</Filter>
    </ClInclude>
    <ClInclude Include="Tool\Encoding\UTF8.h">
      <Filter>Tool\Encoding</Filter>
    </ClInclude>
    <ClInclude Include="Tool\EventHandler\EventArgs.h">
      <Filter>Tool\EventHandler</Filter>
    </ClInclude>
    <ClInclude Include="Tool\EventHandler\EventHandler.h">
      <Filter>Tool\EventHandler</Filter>
    </ClInclude>
    <ClInclude Include="Tool\File\File.h">
      <Filter>Tool\File</Filter>
    </ClInclude>
    <ClInclude Include="Tool\Log\Log.h">
      <Filter>Tool\Log</Filter>
    </ClInclude>
    <ClInclude Include="Tool\Log\LogType.h">
      <Filter>Tool\Log</Filter>
    </ClInclude>
    <ClInclude Include="Tool\SerialPort\SerialPort.h">
      <Filter>Tool\SerialPort</Filter>
    </ClInclude>
    <ClInclude Include="Tool\Socket\Socket.h">
      <Filter>Tool\Socket</Filter>
    </ClInclude>
    <ClInclude Include="Tool\Socket\SocketClient.h">
      <Filter>Tool\Socket</Filter>
    </ClInclude>
    <ClInclude Include="Tool\Socket\SocketServer.h">
      <Filter>Tool\Socket</Filter>
    </ClInclude>
    <ClInclude Include="Tool\Socket\SocketType.h">
      <Filter>Tool\Socket</Filter>
    </ClInclude>
    <ClInclude Include="Tool\Sql\SqlCommand.h">
      <Filter>Tool\Sql</Filter>
    </ClInclude>
    <ClInclude Include="Tool\Sql\SqlConnection.h">
      <Filter>Tool\Sql</Filter>
    </ClInclude>
    <ClInclude Include="Tool\Sql\SqlParamenter.h">
      <Filter>Tool\Sql</Filter>
    </ClInclude>
    <ClInclude Include="Tool\Thread\Event.h">
      <Filter>Tool\Thread</Filter>
    </ClInclude>
    <ClInclude Include="Tool\Thread\MessageDistributor.h">
      <Filter>Tool\Thread</Filter>
    </ClInclude>
    <ClInclude Include="Tool\Thread\Mutex.h">
      <Filter>Tool\Thread</Filter>
    </ClInclude>
    <ClInclude Include="Tool\Thread\MutexLocker.h">
      <Filter>Tool\Thread</Filter>
    </ClInclude>
    <ClInclude Include="Tool\Thread\Process.h">
      <Filter>Tool\Thread</Filter>
    </ClInclude>
    <ClInclude Include="Tool\Thread\Semaphore.h">
      <Filter>Tool\Thread</Filter>
    </ClInclude>
    <ClInclude Include="Tool\Timer\Counter.h">
      <Filter>Tool\Timer</Filter>
    </ClInclude>
    <ClInclude Include="Tool\Timer\Delay.h">
      <Filter>Tool\Timer</Filter>
    </ClInclude>
    <ClInclude Include="Tool\Timer\Timer.h">
      <Filter>Tool\Timer</Filter>
    </ClInclude>
    <ClInclude Include="Tool\USB\cyioctl.h">
      <Filter>Tool\USB</Filter>
    </ClInclude>
    <ClInclude Include="Tool\USB\USB.h">
      <Filter>Tool\USB</Filter>
    </ClInclude>
    <ClInclude Include="Tool\USB\usb100.h">
      <Filter>Tool\USB</Filter>
    </ClInclude>
    <ClInclude Include="Tool\USB\usb200.h">
      <Filter>Tool\USB</Filter>
    </ClInclude>
    <ClInclude Include="Tool\USB\USBType.h">
      <Filter>Tool\USB</Filter>
    </ClInclude>
    <ClInclude Include="Tool\Buffer\Queue.h">
      <Filter>Tool\Buffer</Filter>
    </ClInclude>
    <ClInclude Include="Tool\Buffer\SingleList.h">
      <Filter>Tool\Buffer</Filter>
    </ClInclude>
    <ClInclude Include="Tool\Buffer\Iterator.h">
      <Filter>Tool\Buffer</Filter>
    </ClInclude>
    <ClInclude Include="Tool\Buffer\DoubleList.h">
      <Filter>Tool\Buffer</Filter>
    </ClInclude>
    <ClInclude Include="Tool\Log\SystemLog.h">
      <Filter>Tool\Log</Filter>
    </ClInclude>
    <ClInclude Include="Tool\Player\DirectShow\GeneralPlayer.h">
      <Filter>Tool\Player\DirectShow</Filter>
    </ClInclude>
    <ClInclude Include="Tool\Player\Wav\AudioPlayer.h">
      <Filter>Tool\Player\Wav</Filter>
    </ClInclude>
    <ClInclude Include="Tool\Player\Wav\AudioType.h">
      <Filter>Tool\Player\Wav</Filter>
    </ClInclude>
    <ClInclude Include="Tool\Player\Wav\BlockPlayer.h">
      <Filter>Tool\Player\Wav</Filter>
    </ClInclude>
    <ClInclude Include="Tool\Player\Wav\IAudioPlayer.h">
      <Filter>Tool\Player\Wav</Filter>
    </ClInclude>
    <ClInclude Include="Tool\Player\Wav\IBlockPlayer.h">
      <Filter>Tool\Player\Wav</Filter>
    </ClInclude>
    <ClInclude Include="Tool\Eventor\EventBase.h">
      <Filter>Tool\Eventor</Filter>
    </ClInclude>
    <ClInclude Include="Tool\Eventor\IEvent.h">
      <Filter>Tool\Eventor</Filter>
    </ClInclude>
    <ClInclude Include="Tool\ModuleLoader\ModuleLoader.h">
      <Filter>Tool\ModuleLoader</Filter>
    </ClInclude>
    <ClInclude Include="Tool\Register\ExportConfig.h">
      <Filter>Tool\Register</Filter>
    </ClInclude>
    <ClInclude Include="Tool\Register\Register.h">
      <Filter>Tool\Register</Filter>
    </ClInclude>
    <ClInclude Include="Tool\Encoding\EncodeType.h">
      <Filter>Tool\Encoding</Filter>
    </ClInclude>
    <ClInclude Include="Tool\EventHandler\IEventHandler.h">
      <Filter>Tool\EventHandler</Filter>
    </ClInclude>
    <ClInclude Include="Tool\SerialPort\PortType.h">
      <Filter>Tool\SerialPort</Filter>
    </ClInclude>
    <ClInclude Include="Tool\Json\autolink.h">
      <Filter>Tool\Json</Filter>
    </ClInclude>
    <ClInclude Include="Tool\Json\config.h">
      <Filter>Tool\Json</Filter>
    </ClInclude>
    <ClInclude Include="Tool\Json\features.h">
      <Filter>Tool\Json</Filter>
    </ClInclude>
    <ClInclude Include="Tool\Json\forwards.h">
      <Filter>Tool\Json</Filter>
    </ClInclude>
    <ClInclude Include="Tool\Json\json.h">
      <Filter>Tool\Json</Filter>
    </ClInclude>
    <ClInclude Include="Tool\Json\json_batchallocator.h">
      <Filter>Tool\Json</Filter>
    </ClInclude>
    <ClInclude Include="Tool\Json\JsonDoc.h">
      <Filter>Tool\Json</Filter>
    </ClInclude>
    <ClInclude Include="Tool\Json\reader.h">
      <Filter>Tool\Json</Filter>
    </ClInclude>
    <ClInclude Include="Tool\Json\value.h">
      <Filter>Tool\Json</Filter>
    </ClInclude>
    <ClInclude Include="Tool\Json\writer.h">
      <Filter>Tool\Json</Filter>
    </ClInclude>
    <ClInclude Include="Tool\Reflect\Reflect.h">
      <Filter>Tool\Reflect</Filter>
    </ClInclude>
    <ClInclude Include="Tool\DllLoader\DllLoader.h">
      <Filter>Tool\DllLoader</Filter>
    </ClInclude>
    <ClInclude Include="Tool\Encoding\ANSI.h">
      <Filter>Tool\Encoding</Filter>
    </ClInclude>
    <ClInclude Include="Tool\Encoding\Unicode.h">
      <Filter>Tool\Encoding</Filter>
    </ClInclude>
    <ClInclude Include="Tool\Toolkit.h">
      <Filter>Tool</Filter>
    </ClInclude>
    <ClInclude Include="Tool\Ini\Ini.h">
      <Filter>Tool\Ini</Filter>
    </ClInclude>
    <ClInclude Include="Tool\ThreadPool\IdelThreadContainer.h">
      <Filter>Tool\ThreadPool</Filter>
    </ClInclude>
    <ClInclude Include="Tool\ThreadPool\IThreadPool.h">
      <Filter>Tool\ThreadPool</Filter>
    </ClInclude>
    <ClInclude Include="Tool\ThreadPool\MyThread.h">
      <Filter>Tool\ThreadPool</Filter>
    </ClInclude>
    <ClInclude Include="Tool\ThreadPool\TaskContainer.h">
      <Filter>Tool\ThreadPool</Filter>
    </ClInclude>
    <ClInclude Include="Tool\ThreadPool\ThreadPool.h">
      <Filter>Tool\ThreadPool</Filter>
    </ClInclude>
    <ClInclude Include="Tool\ThreadPool\WorkThreadContainer.h">
      <Filter>Tool\ThreadPool</Filter>
    </ClInclude>
  </ItemGroup>
  <ItemGroup>
    <None Include="Tool\Sql\msado15.dll">
      <Filter>Tool\Sql</Filter>
    </None>
    <None Include="Tool\Json\json_internalarray.inl">
      <Filter>Tool\Json</Filter>
    </None>
    <None Include="Tool\Json\json_internalmap.inl">
      <Filter>Tool\Json</Filter>
    </None>
    <None Include="Tool\Json\json_valueiterator.inl">
      <Filter>Tool\Json</Filter>
    </None>
  </ItemGroup>
</Project>